
Microsoft Visual Studio Solution File, Format Version 12.00
# Visual Studio Version 16
VisualStudioVersion = 16.0.31005.135
MinimumVisualStudioVersion = 10.0.40219.1
Project("{9A19103F-16F7-4668-BE54-9A1E7A4F7556}") = "ConsoleApp1", "ConsoleApp1\ConsoleApp1.csproj", "{A667A564-6C7C-4DDD-B916-7E29CA5F95D3}"
EndProject
Project("{FAE04EC0-301F-11D3-BF4B-00C04F79EFBC}") = "class intro", "class intro\class intro.csproj", "{F18BE3DC-00A6-46A6-8089-4CAFB4F35F62}"
EndProject
Global
	GlobalSection(SolutionConfigurationPlatforms) = preSolution
		Debug|Any CPU = Debug|Any CPU
		Release|Any CPU = Release|Any CPU
	EndGlobalSection
	GlobalSection(ProjectConfigurationPlatforms) = postSolution
		{A667A564-6C7C-4DDD-B916-7E29CA5F95D3}.Debug|Any CPU.ActiveCfg = Debug|Any CPU
		{A667A564-6C7C-4DDD-B916-7E29CA5F95D3}.Debug|Any CPU.Build.0 = Debug|Any CPU
		{A667A564-6C7C-4DDD-B916-7E29CA5F95D3}.Release|Any CPU.ActiveCfg = Release|Any CPU
		{A667A564-6C7C-4DDD-B916-7E29CA5F95D3}.Release|Any CPU.Build.0 = Release|Any CPU
		{F18BE3DC-00A6-46A6-8089-4CAFB4F35F62}.Debug|Any CPU.ActiveCfg = Debug|Any CPU
		{F18BE3DC-00A6-46A6-8089-4CAFB4F35F62}.Debug|Any CPU.Build.0 = Debug|Any CPU
		{F18BE3DC-00A6-46A6-8089-4CAFB4F35F62}.Release|Any CPU.ActiveCfg = Release|Any CPU
		{F18BE3DC-00A6-46A6-8089-4CAFB4F35F62}.Release|Any CPU.Build.0 = Release|Any CPU
	EndGlobalSection
	GlobalSection(SolutionProperties) = preSolution
		HideSolutionNode = FALSE
	EndGlobalSection
	GlobalSection(ExtensibilityGlobals) = postSolution
		SolutionGuid = {67CC7894-008E-45D6-BEB5-171CC3D045EF}
	EndGlobalSection
EndGlobal
